
Microsoft Visual Studio Solution File, Format Version 12.00
# Visual Studio Version 17
VisualStudioVersion = 17.7.34031.279
MinimumVisualStudioVersion = 10.0.40219.1
Project("{FAE04EC0-301F-11D3-BF4B-00C04F79EFBC}") = "RSClient", "RSClient\RSClient.csproj", "{90B00883-8F93-4B62-A15C-2C8E313E296B}"
EndProject
Global
	GlobalSection(SolutionConfigurationPlatforms) = preSolution
		Debug|Any CPU = Debug|Any CPU
		Release|Any CPU = Release|Any CPU
	EndGlobalSection
	GlobalSection(ProjectConfigurationPlatforms) = postSolution
		{90B00883-8F93-4B62-A15C-2C8E313E296B}.Debug|Any CPU.ActiveCfg = Debug|Any CPU
		{90B00883-8F93-4B62-A15C-2C8E313E296B}.Debug|Any CPU.Build.0 = Debug|Any CPU
		{90B00883-8F93-4B62-A15C-2C8E313E296B}.Release|Any CPU.ActiveCfg = Release|Any CPU
		{90B00883-8F93-4B62-A15C-2C8E313E296B}.Release|Any CPU.Build.0 = Release|Any CPU
	EndGlobalSection
	GlobalSection(SolutionProperties) = preSolution
		HideSolutionNode = FALSE
	EndGlobalSection
	GlobalSection(ExtensibilityGlobals) = postSolution
		SolutionGuid = {1A6AA236-7E9C-49EB-8937-7B75B51548AB}
	EndGlobalSection
EndGlobal
